{
  "originHash" : "fe39a02fae7f42fb8a58b5182c347da2a562741542dd5d548d138b4233d6dd0f",
  "pins" : [
    {
      "identity" : "datascanner",
      "kind" : "remoteSourceControl",
      "location" : "https://github.com/mredig/DataScanner.git",
      "state" : {
        "revision" : "42f829174b9205af0142afab62b09b9f210437ab",
        "version" : "0.4.2"
      }
    },
    {
      "identity" : "swift-argument-parser",
      "kind" : "remoteSourceControl",
      "location" : "https://github.com/apple/swift-argument-parser.git",
      "state" : {
        "revision" : "41982a3656a71c768319979febd796c6fd111d5c",
        "version" : "1.5.0"
      }
    },
    {
      "identity" : "swiftpizzasnips",
      "kind" : "remoteSourceControl",
      "location" : "https://github.com/mredig/SwiftPizzaSnips.git",
      "state" : {
        "revision" : "4f3ac33dba8bfe432b617e76171d06acf110e005",
        "version" : "0.4.29"
      }
    }
  ],
  "version" : 3
}
